
Microsoft Visual Studio Solution File, Format Version 12.00
# Visual Studio Version 17
VisualStudioVersion = 17.13.35617.110 d17.13
MinimumVisualStudioVersion = 10.0.40219.1
Project("{8BC9CEB8-8B4A-11D0-8D11-00A0C91BC942}") = "Proces", "Proces.vcxproj", "{5F19ABB6-53DD-44BF-A585-B80671E796ED}"
EndProject
Global
	GlobalSection(SolutionConfigurationPlatforms) = preSolution
		Debug|x64 = Debug|x64
		Debug|x86 = Debug|x86
		Release|x64 = Release|x64
		Release|x86 = Release|x86
	EndGlobalSection
	GlobalSection(ProjectConfigurationPlatforms) = postSolution
		{5F19ABB6-53DD-44BF-A585-B80671E796ED}.Debug|x64.ActiveCfg = Debug|x64
		{5F19ABB6-53DD-44BF-A585-B80671E796ED}.Debug|x64.Build.0 = Debug|x64
		{5F19ABB6-53DD-44BF-A585-B80671E796ED}.Debug|x86.ActiveCfg = Debug|Win32
		{5F19ABB6-53DD-44BF-A585-B80671E796ED}.Debug|x86.Build.0 = Debug|Win32
		{5F19ABB6-53DD-44BF-A585-B80671E796ED}.Release|x64.ActiveCfg = Release|x64
		{5F19ABB6-53DD-44BF-A585-B80671E796ED}.Release|x64.Build.0 = Release|x64
		{5F19ABB6-53DD-44BF-A585-B80671E796ED}.Release|x86.ActiveCfg = Release|Win32
		{5F19ABB6-53DD-44BF-A585-B80671E796ED}.Release|x86.Build.0 = Release|Win32
	EndGlobalSection
	GlobalSection(SolutionProperties) = preSolution
		HideSolutionNode = FALSE
	EndGlobalSection
	GlobalSection(ExtensibilityGlobals) = postSolution
		SolutionGuid = {8AC4CBA2-C5A6-4557-A878-531C7EADA48E}
	EndGlobalSection
EndGlobal
